
Microsoft Visual Studio Solution File, Format Version 12.00
# Visual Studio 15
VisualStudioVersion = 15.0.28307.136
MinimumVisualStudioVersion = 10.0.40219.1
Project("{9A19103F-16F7-4668-BE54-9A1E7A4F7556}") = "GeoGen.ConsoleTest", "GeoGen.ConsoleTest\GeoGen.ConsoleTest.csproj", "{3BF24AAF-2079-48B1-922C-EA928738C045}"
EndProject
Project("{FAE04EC0-301F-11D3-BF4B-00C04F79EFBC}") = "GeoGen.Utilities", "GeoGen.Utilities\GeoGen.Utilities.csproj", "{94256D0F-3DF4-4FEE-9BD7-DC1748CC390D}"
EndProject
Project("{FAE04EC0-301F-11D3-BF4B-00C04F79EFBC}") = "GeoGen.Generator", "GeoGen.Generator\GeoGen.Generator.csproj", "{1B7D635C-67D1-4594-AE47-56CF3F04F906}"
EndProject
Project("{FAE04EC0-301F-11D3-BF4B-00C04F79EFBC}") = "GeoGen.Analyzer", "GeoGen.Analyzer\GeoGen.Analyzer.csproj", "{A08376F7-7675-4F6E-80D7-444EB2AA0085}"
EndProject
Project("{FAE04EC0-301F-11D3-BF4B-00C04F79EFBC}") = "GeoGen.AnalyticGeometry", "GeoGen.AnalyticGeometry\GeoGen.AnalyticGeometry.csproj", "{5EC5CCA8-B332-45E4-AD78-422208315BD1}"
EndProject
Project("{FAE04EC0-301F-11D3-BF4B-00C04F79EFBC}") = "GeoGen.Runner", "GeoGen.Runner\GeoGen.Runner.csproj", "{B0393C77-D7CC-479F-B1B7-A06ED3D40E09}"
EndProject
Project("{FAE04EC0-301F-11D3-BF4B-00C04F79EFBC}") = "GeoGen.Core", "GeoGen.Core\GeoGen.Core.csproj", "{EE76DEC9-A1E0-417A-9F59-C28844154D3F}"
EndProject
Global
	GlobalSection(SolutionConfigurationPlatforms) = preSolution
		Debug|Any CPU = Debug|Any CPU
		Release|Any CPU = Release|Any CPU
	EndGlobalSection
	GlobalSection(ProjectConfigurationPlatforms) = postSolution
		{3BF24AAF-2079-48B1-922C-EA928738C045}.Debug|Any CPU.ActiveCfg = Debug|Any CPU
		{3BF24AAF-2079-48B1-922C-EA928738C045}.Debug|Any CPU.Build.0 = Debug|Any CPU
		{3BF24AAF-2079-48B1-922C-EA928738C045}.Release|Any CPU.ActiveCfg = Release|Any CPU
		{3BF24AAF-2079-48B1-922C-EA928738C045}.Release|Any CPU.Build.0 = Release|Any CPU
		{94256D0F-3DF4-4FEE-9BD7-DC1748CC390D}.Debug|Any CPU.ActiveCfg = Debug|Any CPU
		{94256D0F-3DF4-4FEE-9BD7-DC1748CC390D}.Debug|Any CPU.Build.0 = Debug|Any CPU
		{94256D0F-3DF4-4FEE-9BD7-DC1748CC390D}.Release|Any CPU.ActiveCfg = Release|Any CPU
		{94256D0F-3DF4-4FEE-9BD7-DC1748CC390D}.Release|Any CPU.Build.0 = Release|Any CPU
		{1B7D635C-67D1-4594-AE47-56CF3F04F906}.Debug|Any CPU.ActiveCfg = Debug|Any CPU
		{1B7D635C-67D1-4594-AE47-56CF3F04F906}.Debug|Any CPU.Build.0 = Debug|Any CPU
		{1B7D635C-67D1-4594-AE47-56CF3F04F906}.Release|Any CPU.ActiveCfg = Release|Any CPU
		{1B7D635C-67D1-4594-AE47-56CF3F04F906}.Release|Any CPU.Build.0 = Release|Any CPU
		{A08376F7-7675-4F6E-80D7-444EB2AA0085}.Debug|Any CPU.ActiveCfg = Debug|Any CPU
		{A08376F7-7675-4F6E-80D7-444EB2AA0085}.Debug|Any CPU.Build.0 = Debug|Any CPU
		{A08376F7-7675-4F6E-80D7-444EB2AA0085}.Release|Any CPU.ActiveCfg = Release|Any CPU
		{A08376F7-7675-4F6E-80D7-444EB2AA0085}.Release|Any CPU.Build.0 = Release|Any CPU
		{5EC5CCA8-B332-45E4-AD78-422208315BD1}.Debug|Any CPU.ActiveCfg = Debug|Any CPU
		{5EC5CCA8-B332-45E4-AD78-422208315BD1}.Debug|Any CPU.Build.0 = Debug|Any CPU
		{5EC5CCA8-B332-45E4-AD78-422208315BD1}.Release|Any CPU.ActiveCfg = Release|Any CPU
		{5EC5CCA8-B332-45E4-AD78-422208315BD1}.Release|Any CPU.Build.0 = Release|Any CPU
		{B0393C77-D7CC-479F-B1B7-A06ED3D40E09}.Debug|Any CPU.ActiveCfg = Debug|Any CPU
		{B0393C77-D7CC-479F-B1B7-A06ED3D40E09}.Debug|Any CPU.Build.0 = Debug|Any CPU
		{B0393C77-D7CC-479F-B1B7-A06ED3D40E09}.Release|Any CPU.ActiveCfg = Release|Any CPU
		{B0393C77-D7CC-479F-B1B7-A06ED3D40E09}.Release|Any CPU.Build.0 = Release|Any CPU
		{EE76DEC9-A1E0-417A-9F59-C28844154D3F}.Debug|Any CPU.ActiveCfg = Debug|Any CPU
		{EE76DEC9-A1E0-417A-9F59-C28844154D3F}.Debug|Any CPU.Build.0 = Debug|Any CPU
		{EE76DEC9-A1E0-417A-9F59-C28844154D3F}.Release|Any CPU.ActiveCfg = Release|Any CPU
		{EE76DEC9-A1E0-417A-9F59-C28844154D3F}.Release|Any CPU.Build.0 = Release|Any CPU
	EndGlobalSection
	GlobalSection(SolutionProperties) = preSolution
		HideSolutionNode = FALSE
	EndGlobalSection
	GlobalSection(ExtensibilityGlobals) = postSolution
		SolutionGuid = {AFEA8C8A-2C24-4F63-A2DE-C1A28F920DF1}
	EndGlobalSection
EndGlobal
