
Microsoft Visual Studio Solution File, Format Version 12.00
# Visual Studio Version 16
VisualStudioVersion = 16.0.29201.188
MinimumVisualStudioVersion = 10.0.40219.1
Project("{9A19103F-16F7-4668-BE54-9A1E7A4F7556}") = "GeoGen.Utilities", "GeoGen.Utilities\GeoGen.Utilities.csproj", "{94256D0F-3DF4-4FEE-9BD7-DC1748CC390D}"
EndProject
Project("{9A19103F-16F7-4668-BE54-9A1E7A4F7556}") = "GeoGen.Generator", "GeoGen.Generator\GeoGen.Generator.csproj", "{1B7D635C-67D1-4594-AE47-56CF3F04F906}"
EndProject
Project("{9A19103F-16F7-4668-BE54-9A1E7A4F7556}") = "GeoGen.TheoremFinder", "GeoGen.TheoremFinder\GeoGen.TheoremFinder.csproj", "{A08376F7-7675-4F6E-80D7-444EB2AA0085}"
EndProject
Project("{9A19103F-16F7-4668-BE54-9A1E7A4F7556}") = "GeoGen.AnalyticGeometry", "GeoGen.AnalyticGeometry\GeoGen.AnalyticGeometry.csproj", "{5EC5CCA8-B332-45E4-AD78-422208315BD1}"
EndProject
Project("{9A19103F-16F7-4668-BE54-9A1E7A4F7556}") = "GeoGen.Core", "GeoGen.Core\GeoGen.Core.csproj", "{EE76DEC9-A1E0-417A-9F59-C28844154D3F}"
EndProject
Project("{9A19103F-16F7-4668-BE54-9A1E7A4F7556}") = "GeoGen.TheoremFinder.Tests", "GeoGen.TheoremFinder.Tests\GeoGen.TheoremFinder.Tests.csproj", "{984DAF5E-56BA-46D1-A321-FF4659AF8C33}"
EndProject
Project("{9A19103F-16F7-4668-BE54-9A1E7A4F7556}") = "GeoGen.Core.Tests", "GeoGen.Core.Tests\GeoGen.Core.Tests.csproj", "{E7F8569B-8DDE-4CD6-A1B7-2CA18A1D5BA9}"
EndProject
Project("{9A19103F-16F7-4668-BE54-9A1E7A4F7556}") = "GeoGen.Generator.Tests", "GeoGen.Generator.Tests\GeoGen.Generator.Tests.csproj", "{FFA143EC-4172-4A3D-B36A-CE663AC18F28}"
EndProject
Project("{9A19103F-16F7-4668-BE54-9A1E7A4F7556}") = "GeoGen.Utilities.Tests", "GeoGen.Utilities.Tests\GeoGen.Utilities.Tests.csproj", "{F757D89D-D564-4E7A-9679-8DF1B8D71BDF}"
EndProject
Project("{9A19103F-16F7-4668-BE54-9A1E7A4F7556}") = "GeoGen.AnalyticGeometry.Tests", "GeoGen.AnalyticGeometry.Tests\GeoGen.AnalyticGeometry.Tests.csproj", "{77AB1941-AAE3-4D3F-B8DC-A65B7ADAFFA6}"
EndProject
Project("{9A19103F-16F7-4668-BE54-9A1E7A4F7556}") = "GeoGen.Constructor", "GeoGen.Constructor\GeoGen.Constructor.csproj", "{9D2DB312-1EBC-479C-B2EB-97DBECA44433}"
EndProject
Project("{9A19103F-16F7-4668-BE54-9A1E7A4F7556}") = "GeoGen.Constructor.Tests", "GeoGen.Constructor.Tests\GeoGen.Constructor.Tests.csproj", "{636043F8-22D7-456F-90CA-1DAC90D52B2D}"
EndProject
Project("{9A19103F-16F7-4668-BE54-9A1E7A4F7556}") = "GeoGen.TheoremProver", "GeoGen.TheoremProver\GeoGen.TheoremProver.csproj", "{1ADBC4CB-7D98-4058-987B-C44DE48EAD9F}"
EndProject
Project("{9A19103F-16F7-4668-BE54-9A1E7A4F7556}") = "GeoGen.TheoremProver.Tests", "GeoGen.TheoremProver.Tests\GeoGen.TheoremProver.Tests.csproj", "{A5DC3C4E-C825-4878-8D5B-164C95AF9F57}"
EndProject
Project("{9A19103F-16F7-4668-BE54-9A1E7A4F7556}") = "GeoGen.ConsoleLauncher", "GeoGen.ConsoleLauncher\GeoGen.ConsoleLauncher.csproj", "{5E230759-F78E-4BFF-BDC8-664DDC30F57E}"
EndProject
Project("{9A19103F-16F7-4668-BE54-9A1E7A4F7556}") = "GeoGen.Algorithm", "GeoGen.Algorithm\GeoGen.Algorithm.csproj", "{887FB427-45A2-4471-8635-7F7630F14A47}"
EndProject
Project("{9A19103F-16F7-4668-BE54-9A1E7A4F7556}") = "GeoGen.Algorithm.Tests", "GeoGen.Algorithm.Tests\GeoGen.Algorithm.Tests.csproj", "{0693E390-7513-4148-9255-648A69A09303}"
EndProject
Project("{9A19103F-16F7-4668-BE54-9A1E7A4F7556}") = "GeoGen.TheoremRanker", "GeoGen.TheoremRanker\GeoGen.TheoremRanker.csproj", "{9AE1397D-7775-45BF-8DF4-00E6B733B3D3}"
EndProject
Project("{9A19103F-16F7-4668-BE54-9A1E7A4F7556}") = "GeoGen.TheoremRanker.Tests", "GeoGen.TheoremRanker.Tests\GeoGen.TheoremRanker.Tests.csproj", "{4D00204F-A00F-4DD0-A82C-052B99B4F37B}"
EndProject
Project("{9A19103F-16F7-4668-BE54-9A1E7A4F7556}") = "GeoGen.TheoremSimplifier", "GeoGen.TheoremSimplifier\GeoGen.TheoremSimplifier.csproj", "{146CCB0F-0822-442C-9BE9-AD3564C37F1B}"
EndProject
Project("{9A19103F-16F7-4668-BE54-9A1E7A4F7556}") = "GeoGen.TheoremSimplifierTests", "GeoGen.TheoremSimplifierTests\GeoGen.TheoremSimplifierTests.csproj", "{873143D8-BF71-478C-A933-A883799F2826}"
EndProject
Project("{9A19103F-16F7-4668-BE54-9A1E7A4F7556}") = "GeoGen.Drawer", "GeoGen.Drawer\GeoGen.Drawer.csproj", "{7A853A9F-E8CC-4E9E-B712-0403E695E0E0}"
EndProject
Project("{9A19103F-16F7-4668-BE54-9A1E7A4F7556}") = "GeoGen.Infrastructure", "GeoGen.Infrastructure\GeoGen.Infrastructure.csproj", "{A07B9861-3C4C-41C1-9B44-44BE53262B51}"
EndProject
Project("{FAE04EC0-301F-11D3-BF4B-00C04F79EFBC}") = "GeoGen.GenerationLauncher", "GeoGen.GenerationLauncher\GeoGen.GenerationLauncher.csproj", "{BCFCDED3-4701-4C31-A92F-6CA364548CA8}"
EndProject
Global
	GlobalSection(SolutionConfigurationPlatforms) = preSolution
		Debug|Any CPU = Debug|Any CPU
		Release|Any CPU = Release|Any CPU
	EndGlobalSection
	GlobalSection(ProjectConfigurationPlatforms) = postSolution
		{94256D0F-3DF4-4FEE-9BD7-DC1748CC390D}.Debug|Any CPU.ActiveCfg = Debug|Any CPU
		{94256D0F-3DF4-4FEE-9BD7-DC1748CC390D}.Debug|Any CPU.Build.0 = Debug|Any CPU
		{94256D0F-3DF4-4FEE-9BD7-DC1748CC390D}.Release|Any CPU.ActiveCfg = Release|Any CPU
		{94256D0F-3DF4-4FEE-9BD7-DC1748CC390D}.Release|Any CPU.Build.0 = Release|Any CPU
		{1B7D635C-67D1-4594-AE47-56CF3F04F906}.Debug|Any CPU.ActiveCfg = Debug|Any CPU
		{1B7D635C-67D1-4594-AE47-56CF3F04F906}.Debug|Any CPU.Build.0 = Debug|Any CPU
		{1B7D635C-67D1-4594-AE47-56CF3F04F906}.Release|Any CPU.ActiveCfg = Release|Any CPU
		{1B7D635C-67D1-4594-AE47-56CF3F04F906}.Release|Any CPU.Build.0 = Release|Any CPU
		{A08376F7-7675-4F6E-80D7-444EB2AA0085}.Debug|Any CPU.ActiveCfg = Debug|Any CPU
		{A08376F7-7675-4F6E-80D7-444EB2AA0085}.Debug|Any CPU.Build.0 = Debug|Any CPU
		{A08376F7-7675-4F6E-80D7-444EB2AA0085}.Release|Any CPU.ActiveCfg = Release|Any CPU
		{A08376F7-7675-4F6E-80D7-444EB2AA0085}.Release|Any CPU.Build.0 = Release|Any CPU
		{5EC5CCA8-B332-45E4-AD78-422208315BD1}.Debug|Any CPU.ActiveCfg = Debug|Any CPU
		{5EC5CCA8-B332-45E4-AD78-422208315BD1}.Debug|Any CPU.Build.0 = Debug|Any CPU
		{5EC5CCA8-B332-45E4-AD78-422208315BD1}.Release|Any CPU.ActiveCfg = Release|Any CPU
		{5EC5CCA8-B332-45E4-AD78-422208315BD1}.Release|Any CPU.Build.0 = Release|Any CPU
		{EE76DEC9-A1E0-417A-9F59-C28844154D3F}.Debug|Any CPU.ActiveCfg = Debug|Any CPU
		{EE76DEC9-A1E0-417A-9F59-C28844154D3F}.Debug|Any CPU.Build.0 = Debug|Any CPU
		{EE76DEC9-A1E0-417A-9F59-C28844154D3F}.Release|Any CPU.ActiveCfg = Release|Any CPU
		{EE76DEC9-A1E0-417A-9F59-C28844154D3F}.Release|Any CPU.Build.0 = Release|Any CPU
		{984DAF5E-56BA-46D1-A321-FF4659AF8C33}.Debug|Any CPU.ActiveCfg = Debug|Any CPU
		{984DAF5E-56BA-46D1-A321-FF4659AF8C33}.Debug|Any CPU.Build.0 = Debug|Any CPU
		{984DAF5E-56BA-46D1-A321-FF4659AF8C33}.Release|Any CPU.ActiveCfg = Release|Any CPU
		{984DAF5E-56BA-46D1-A321-FF4659AF8C33}.Release|Any CPU.Build.0 = Release|Any CPU
		{E7F8569B-8DDE-4CD6-A1B7-2CA18A1D5BA9}.Debug|Any CPU.ActiveCfg = Debug|Any CPU
		{E7F8569B-8DDE-4CD6-A1B7-2CA18A1D5BA9}.Debug|Any CPU.Build.0 = Debug|Any CPU
		{E7F8569B-8DDE-4CD6-A1B7-2CA18A1D5BA9}.Release|Any CPU.ActiveCfg = Release|Any CPU
		{E7F8569B-8DDE-4CD6-A1B7-2CA18A1D5BA9}.Release|Any CPU.Build.0 = Release|Any CPU
		{FFA143EC-4172-4A3D-B36A-CE663AC18F28}.Debug|Any CPU.ActiveCfg = Debug|Any CPU
		{FFA143EC-4172-4A3D-B36A-CE663AC18F28}.Debug|Any CPU.Build.0 = Debug|Any CPU
		{FFA143EC-4172-4A3D-B36A-CE663AC18F28}.Release|Any CPU.ActiveCfg = Release|Any CPU
		{FFA143EC-4172-4A3D-B36A-CE663AC18F28}.Release|Any CPU.Build.0 = Release|Any CPU
		{F757D89D-D564-4E7A-9679-8DF1B8D71BDF}.Debug|Any CPU.ActiveCfg = Debug|Any CPU
		{F757D89D-D564-4E7A-9679-8DF1B8D71BDF}.Debug|Any CPU.Build.0 = Debug|Any CPU
		{F757D89D-D564-4E7A-9679-8DF1B8D71BDF}.Release|Any CPU.ActiveCfg = Release|Any CPU
		{F757D89D-D564-4E7A-9679-8DF1B8D71BDF}.Release|Any CPU.Build.0 = Release|Any CPU
		{77AB1941-AAE3-4D3F-B8DC-A65B7ADAFFA6}.Debug|Any CPU.ActiveCfg = Debug|Any CPU
		{77AB1941-AAE3-4D3F-B8DC-A65B7ADAFFA6}.Debug|Any CPU.Build.0 = Debug|Any CPU
		{77AB1941-AAE3-4D3F-B8DC-A65B7ADAFFA6}.Release|Any CPU.ActiveCfg = Release|Any CPU
		{77AB1941-AAE3-4D3F-B8DC-A65B7ADAFFA6}.Release|Any CPU.Build.0 = Release|Any CPU
		{9D2DB312-1EBC-479C-B2EB-97DBECA44433}.Debug|Any CPU.ActiveCfg = Debug|Any CPU
		{9D2DB312-1EBC-479C-B2EB-97DBECA44433}.Debug|Any CPU.Build.0 = Debug|Any CPU
		{9D2DB312-1EBC-479C-B2EB-97DBECA44433}.Release|Any CPU.ActiveCfg = Release|Any CPU
		{9D2DB312-1EBC-479C-B2EB-97DBECA44433}.Release|Any CPU.Build.0 = Release|Any CPU
		{636043F8-22D7-456F-90CA-1DAC90D52B2D}.Debug|Any CPU.ActiveCfg = Debug|Any CPU
		{636043F8-22D7-456F-90CA-1DAC90D52B2D}.Debug|Any CPU.Build.0 = Debug|Any CPU
		{636043F8-22D7-456F-90CA-1DAC90D52B2D}.Release|Any CPU.ActiveCfg = Release|Any CPU
		{636043F8-22D7-456F-90CA-1DAC90D52B2D}.Release|Any CPU.Build.0 = Release|Any CPU
		{1ADBC4CB-7D98-4058-987B-C44DE48EAD9F}.Debug|Any CPU.ActiveCfg = Debug|Any CPU
		{1ADBC4CB-7D98-4058-987B-C44DE48EAD9F}.Debug|Any CPU.Build.0 = Debug|Any CPU
		{1ADBC4CB-7D98-4058-987B-C44DE48EAD9F}.Release|Any CPU.ActiveCfg = Release|Any CPU
		{1ADBC4CB-7D98-4058-987B-C44DE48EAD9F}.Release|Any CPU.Build.0 = Release|Any CPU
		{A5DC3C4E-C825-4878-8D5B-164C95AF9F57}.Debug|Any CPU.ActiveCfg = Debug|Any CPU
		{A5DC3C4E-C825-4878-8D5B-164C95AF9F57}.Debug|Any CPU.Build.0 = Debug|Any CPU
		{A5DC3C4E-C825-4878-8D5B-164C95AF9F57}.Release|Any CPU.ActiveCfg = Release|Any CPU
		{A5DC3C4E-C825-4878-8D5B-164C95AF9F57}.Release|Any CPU.Build.0 = Release|Any CPU
		{5E230759-F78E-4BFF-BDC8-664DDC30F57E}.Debug|Any CPU.ActiveCfg = Debug|Any CPU
		{5E230759-F78E-4BFF-BDC8-664DDC30F57E}.Debug|Any CPU.Build.0 = Debug|Any CPU
		{5E230759-F78E-4BFF-BDC8-664DDC30F57E}.Release|Any CPU.ActiveCfg = Release|Any CPU
		{5E230759-F78E-4BFF-BDC8-664DDC30F57E}.Release|Any CPU.Build.0 = Release|Any CPU
		{887FB427-45A2-4471-8635-7F7630F14A47}.Debug|Any CPU.ActiveCfg = Debug|Any CPU
		{887FB427-45A2-4471-8635-7F7630F14A47}.Debug|Any CPU.Build.0 = Debug|Any CPU
		{887FB427-45A2-4471-8635-7F7630F14A47}.Release|Any CPU.ActiveCfg = Release|Any CPU
		{887FB427-45A2-4471-8635-7F7630F14A47}.Release|Any CPU.Build.0 = Release|Any CPU
		{0693E390-7513-4148-9255-648A69A09303}.Debug|Any CPU.ActiveCfg = Debug|Any CPU
		{0693E390-7513-4148-9255-648A69A09303}.Debug|Any CPU.Build.0 = Debug|Any CPU
		{0693E390-7513-4148-9255-648A69A09303}.Release|Any CPU.ActiveCfg = Release|Any CPU
		{0693E390-7513-4148-9255-648A69A09303}.Release|Any CPU.Build.0 = Release|Any CPU
		{9AE1397D-7775-45BF-8DF4-00E6B733B3D3}.Debug|Any CPU.ActiveCfg = Debug|Any CPU
		{9AE1397D-7775-45BF-8DF4-00E6B733B3D3}.Debug|Any CPU.Build.0 = Debug|Any CPU
		{9AE1397D-7775-45BF-8DF4-00E6B733B3D3}.Release|Any CPU.ActiveCfg = Release|Any CPU
		{9AE1397D-7775-45BF-8DF4-00E6B733B3D3}.Release|Any CPU.Build.0 = Release|Any CPU
		{4D00204F-A00F-4DD0-A82C-052B99B4F37B}.Debug|Any CPU.ActiveCfg = Debug|Any CPU
		{4D00204F-A00F-4DD0-A82C-052B99B4F37B}.Debug|Any CPU.Build.0 = Debug|Any CPU
		{4D00204F-A00F-4DD0-A82C-052B99B4F37B}.Release|Any CPU.ActiveCfg = Release|Any CPU
		{4D00204F-A00F-4DD0-A82C-052B99B4F37B}.Release|Any CPU.Build.0 = Release|Any CPU
		{146CCB0F-0822-442C-9BE9-AD3564C37F1B}.Debug|Any CPU.ActiveCfg = Debug|Any CPU
		{146CCB0F-0822-442C-9BE9-AD3564C37F1B}.Debug|Any CPU.Build.0 = Debug|Any CPU
		{146CCB0F-0822-442C-9BE9-AD3564C37F1B}.Release|Any CPU.ActiveCfg = Release|Any CPU
		{146CCB0F-0822-442C-9BE9-AD3564C37F1B}.Release|Any CPU.Build.0 = Release|Any CPU
		{873143D8-BF71-478C-A933-A883799F2826}.Debug|Any CPU.ActiveCfg = Debug|Any CPU
		{873143D8-BF71-478C-A933-A883799F2826}.Debug|Any CPU.Build.0 = Debug|Any CPU
		{873143D8-BF71-478C-A933-A883799F2826}.Release|Any CPU.ActiveCfg = Release|Any CPU
		{873143D8-BF71-478C-A933-A883799F2826}.Release|Any CPU.Build.0 = Release|Any CPU
		{7A853A9F-E8CC-4E9E-B712-0403E695E0E0}.Debug|Any CPU.ActiveCfg = Debug|Any CPU
		{7A853A9F-E8CC-4E9E-B712-0403E695E0E0}.Debug|Any CPU.Build.0 = Debug|Any CPU
		{7A853A9F-E8CC-4E9E-B712-0403E695E0E0}.Release|Any CPU.ActiveCfg = Release|Any CPU
		{7A853A9F-E8CC-4E9E-B712-0403E695E0E0}.Release|Any CPU.Build.0 = Release|Any CPU
		{A07B9861-3C4C-41C1-9B44-44BE53262B51}.Debug|Any CPU.ActiveCfg = Debug|Any CPU
		{A07B9861-3C4C-41C1-9B44-44BE53262B51}.Debug|Any CPU.Build.0 = Debug|Any CPU
		{A07B9861-3C4C-41C1-9B44-44BE53262B51}.Release|Any CPU.ActiveCfg = Release|Any CPU
		{A07B9861-3C4C-41C1-9B44-44BE53262B51}.Release|Any CPU.Build.0 = Release|Any CPU
		{BCFCDED3-4701-4C31-A92F-6CA364548CA8}.Debug|Any CPU.ActiveCfg = Debug|Any CPU
		{BCFCDED3-4701-4C31-A92F-6CA364548CA8}.Debug|Any CPU.Build.0 = Debug|Any CPU
		{BCFCDED3-4701-4C31-A92F-6CA364548CA8}.Release|Any CPU.ActiveCfg = Release|Any CPU
		{BCFCDED3-4701-4C31-A92F-6CA364548CA8}.Release|Any CPU.Build.0 = Release|Any CPU
	EndGlobalSection
	GlobalSection(SolutionProperties) = preSolution
		HideSolutionNode = FALSE
	EndGlobalSection
	GlobalSection(ExtensibilityGlobals) = postSolution
		SolutionGuid = {AFEA8C8A-2C24-4F63-A2DE-C1A28F920DF1}
	EndGlobalSection
EndGlobal
